
Microsoft Visual Studio Solution File, Format Version 12.00
# Visual Studio Version 17
VisualStudioVersion = 17.4.33403.182
MinimumVisualStudioVersion = 10.0.40219.1
Project("{FAE04EC0-301F-11D3-BF4B-00C04F79EFBC}") = "Lab3_Task1", "Lab3_Task1\Lab3_Task1.csproj", "{628715D7-6A8C-4690-8245-354524ABBE1F}"
EndProject
Global
	GlobalSection(SolutionConfigurationPlatforms) = preSolution
		Debug|Any CPU = Debug|Any CPU
		Release|Any CPU = Release|Any CPU
	EndGlobalSection
	GlobalSection(ProjectConfigurationPlatforms) = postSolution
		{628715D7-6A8C-4690-8245-354524ABBE1F}.Debug|Any CPU.ActiveCfg = Debug|Any CPU
		{628715D7-6A8C-4690-8245-354524ABBE1F}.Debug|Any CPU.Build.0 = Debug|Any CPU
		{628715D7-6A8C-4690-8245-354524ABBE1F}.Release|Any CPU.ActiveCfg = Release|Any CPU
		{628715D7-6A8C-4690-8245-354524ABBE1F}.Release|Any CPU.Build.0 = Release|Any CPU
	EndGlobalSection
	GlobalSection(SolutionProperties) = preSolution
		HideSolutionNode = FALSE
	EndGlobalSection
	GlobalSection(ExtensibilityGlobals) = postSolution
		SolutionGuid = {3F47073F-11F6-4EF0-8A57-5B8CC00F981D}
	EndGlobalSection
EndGlobal
