
Microsoft Visual Studio Solution File, Format Version 12.00
# Visual Studio Version 17
VisualStudioVersion = 17.13.35913.81 d17.13
MinimumVisualStudioVersion = 10.0.40219.1
Project("{FAE04EC0-301F-11D3-BF4B-00C04F79EFBC}") = "mini_compiler", "mini_compiler.csproj", "{3A98D6FD-5EBE-427B-854B-EE2D1CEC1295}"
EndProject
Global
	GlobalSection(SolutionConfigurationPlatforms) = preSolution
		Debug|Any CPU = Debug|Any CPU
		Release|Any CPU = Release|Any CPU
	EndGlobalSection
	GlobalSection(ProjectConfigurationPlatforms) = postSolution
		{3A98D6FD-5EBE-427B-854B-EE2D1CEC1295}.Debug|Any CPU.ActiveCfg = Debug|Any CPU
		{3A98D6FD-5EBE-427B-854B-EE2D1CEC1295}.Debug|Any CPU.Build.0 = Debug|Any CPU
		{3A98D6FD-5EBE-427B-854B-EE2D1CEC1295}.Release|Any CPU.ActiveCfg = Release|Any CPU
		{3A98D6FD-5EBE-427B-854B-EE2D1CEC1295}.Release|Any CPU.Build.0 = Release|Any CPU
	EndGlobalSection
	GlobalSection(SolutionProperties) = preSolution
		HideSolutionNode = FALSE
	EndGlobalSection
	GlobalSection(ExtensibilityGlobals) = postSolution
		SolutionGuid = {891EA63F-FD27-4B86-9EB7-E4065629E8A7}
	EndGlobalSection
EndGlobal
