
Microsoft Visual Studio Solution File, Format Version 12.00
# Visual Studio Version 17
VisualStudioVersion = 17.4.33403.182
MinimumVisualStudioVersion = 10.0.40219.1
Project("{FAE04EC0-301F-11D3-BF4B-00C04F79EFBC}") = "LL1_Parser", "LL1_Parser\LL1_Parser.csproj", "{AF7CE786-98E7-446C-BE02-073E0DC97BF9}"
EndProject
Global
	GlobalSection(SolutionConfigurationPlatforms) = preSolution
		Debug|Any CPU = Debug|Any CPU
		Release|Any CPU = Release|Any CPU
	EndGlobalSection
	GlobalSection(ProjectConfigurationPlatforms) = postSolution
		{AF7CE786-98E7-446C-BE02-073E0DC97BF9}.Debug|Any CPU.ActiveCfg = Debug|Any CPU
		{AF7CE786-98E7-446C-BE02-073E0DC97BF9}.Debug|Any CPU.Build.0 = Debug|Any CPU
		{AF7CE786-98E7-446C-BE02-073E0DC97BF9}.Release|Any CPU.ActiveCfg = Release|Any CPU
		{AF7CE786-98E7-446C-BE02-073E0DC97BF9}.Release|Any CPU.Build.0 = Release|Any CPU
	EndGlobalSection
	GlobalSection(SolutionProperties) = preSolution
		HideSolutionNode = FALSE
	EndGlobalSection
	GlobalSection(ExtensibilityGlobals) = postSolution
		SolutionGuid = {CF79BDD8-BB06-457D-A28F-DC30136AAA7C}
	EndGlobalSection
EndGlobal
